{
    "_readme": [
        "This file locks the dependencies of your project to a known state",
        "Read more about it at https://getcomposer.org/doc/01-basic-usage.md#installing-dependencies",
        "This file is @generated automatically"
    ],
    "content-hash": "003fbb860dfc0ec0f609bcfedb935f72",
    "packages": [
        {
            "name": "amphp/amp",
            "version": "v3.0.0",
            "source": {
                "type": "git",
                "url": "https://github.com/amphp/amp.git",
                "reference": "aaf0ec1d5a2c20b523258995a10e80c1fb765871"
            },
            "dist": {
                "type": "zip",
                "url": "https://api.github.com/repos/amphp/amp/zipball/aaf0ec1d5a2c20b523258995a10e80c1fb765871",
                "reference": "aaf0ec1d5a2c20b523258995a10e80c1fb765871",
                "shasum": ""
            },
            "require": {
                "php": ">=8.1",
                "revolt/event-loop": "^1 || ^0.2"
            },
            "require-dev": {
                "amphp/php-cs-fixer-config": "^2",
                "phpunit/phpunit": "^9",
                "psalm/phar": "^4.13"
            },
            "type": "library",
            "autoload": {
                "files": [
                    "src/functions.php",
                    "src/Future/functions.php",
                    "src/Internal/functions.php"
                ],
                "psr-4": {
                    "Amp\\": "src"
                }
            },
            "notification-url": "https://packagist.org/downloads/",
            "license": [
                "MIT"
            ],
            "authors": [
                {
                    "name": "Aaron Piotrowski",
                    "email": "aaron@trowski.com"
                },
                {
                    "name": "Bob Weinand",
                    "email": "bobwei9@hotmail.com"
                },
                {
                    "name": "Niklas Keller",
                    "email": "me@kelunik.com"
                },
                {
                    "name": "Daniel Lowrey",
                    "email": "rdlowrey@php.net"
                }
            ],
            "description": "A non-blocking concurrency framework for PHP applications.",
            "homepage": "https://amphp.org/amp",
            "keywords": [
                "async",
                "asynchronous",
                "awaitable",
                "concurrency",
                "event",
                "event-loop",
                "future",
                "non-blocking",
                "promise"
            ],
            "support": {
                "issues": "https://github.com/amphp/amp/issues",
                "source": "https://github.com/amphp/amp/tree/v3.0.0"
            },
            "funding": [
                {
                    "url": "https://github.com/amphp",
                    "type": "github"
                }
            ],
            "time": "2022-12-18T16:52:44+00:00"
        },
        {
            "name": "revolt/event-loop",
            "version": "v1.0.0",
            "source": {
                "type": "git",
                "url": "https://github.com/revoltphp/event-loop.git",
                "reference": "81dd825a0a7fa7a39cae25ef731bb944f3e18295"
            },
            "dist": {
                "type": "zip",
                "url": "https://api.github.com/repos/revoltphp/event-loop/zipball/81dd825a0a7fa7a39cae25ef731bb944f3e18295",
                "reference": "81dd825a0a7fa7a39cae25ef731bb944f3e18295",
                "shasum": ""
            },
            "require": {
                "php": ">=8.1"
            },
            "require-dev": {
                "ext-json": "*",
                "jetbrains/phpstorm-stubs": "^2019.3",
                "phpunit/phpunit": "^9",
                "psalm/phar": "^4.7"
            },
            "type": "library",
            "extra": {
                "branch-alias": {
                    "dev-main": "1.x-dev"
                }
            },
            "autoload": {
                "psr-4": {
                    "Revolt\\": "src"
                }
            },
            "notification-url": "https://packagist.org/downloads/",
            "license": [
                "MIT"
            ],
            "authors": [
                {
                    "name": "Aaron Piotrowski",
                    "email": "aaron@trowski.com"
                },
                {
                    "name": "Cees-Jan Kiewiet",
                    "email": "ceesjank@gmail.com"
                },
                {
                    "name": "Christian Lück",
                    "email": "christian@clue.engineering"
                },
                {
                    "name": "Niklas Keller",
                    "email": "me@kelunik.com"
                }
            ],
            "description": "Rock-solid event loop for concurrent PHP applications.",
            "keywords": [
                "async",
                "asynchronous",
                "concurrency",
                "event",
                "event-loop",
                "non-blocking",
                "scheduler"
            ],
            "support": {
                "issues": "https://github.com/revoltphp/event-loop/issues",
                "source": "https://github.com/revoltphp/event-loop/tree/v1.0.0"
            },
            "time": "2022-11-02T21:46:22+00:00"
        }
    ],
    "packages-dev": [
        {
            "name": "composer/package-versions-deprecated",
            "version": "1.11.99.5",
            "source": {
                "type": "git",
                "url": "https://github.com/composer/package-versions-deprecated.git",
                "reference": "b4f54f74ef3453349c24a845d22392cd31e65f1d"
            },
            "dist": {
                "type": "zip",
                "url": "https://api.github.com/repos/composer/package-versions-deprecated/zipball/b4f54f74ef3453349c24a845d22392cd31e65f1d",
                "reference": "b4f54f74ef3453349c24a845d22392cd31e65f1d",
                "shasum": ""
            },
            "require": {
                "composer-plugin-api": "^1.1.0 || ^2.0",
                "php": "^7 || ^8"
            },
            "replace": {
                "ocramius/package-versions": "1.11.99"
            },
            "require-dev": {
                "composer/composer": "^1.9.3 || ^2.0@dev",
                "ext-zip": "^1.13",
                "phpunit/phpunit": "^6.5 || ^7"
            },
            "type": "composer-plugin",
            "extra": {
                "class": "PackageVersions\\Installer",
                "branch-alias": {
                    "dev-master": "1.x-dev"
                }
            },
            "autoload": {
                "psr-4": {
                    "PackageVersions\\": "src/PackageVersions"
                }
            },
            "notification-url": "https://packagist.org/downloads/",
            "license": [
                "MIT"
            ],
            "authors": [
                {
                    "name": "Marco Pivetta",
                    "email": "ocramius@gmail.com"
                },
                {
                    "name": "Jordi Boggiano",
                    "email": "j.boggiano@seld.be"
                }
            ],
            "description": "Composer plugin that provides efficient querying for installed package versions (no runtime IO)",
            "support": {
                "issues": "https://github.com/composer/package-versions-deprecated/issues",
                "source": "https://github.com/composer/package-versions-deprecated/tree/1.11.99.5"
            },
            "funding": [
                {
                    "url": "https://packagist.com",
                    "type": "custom"
                },
                {
                    "url": "https://github.com/composer",
                    "type": "github"
                },
                {
                    "url": "https://tidelift.com/funding/github/packagist/composer/composer",
                    "type": "tidelift"
                }
            ],
            "time": "2022-01-17T14:14:24+00:00"
        },
        {
            "name": "composer/semver",
            "version": "3.3.2",
            "source": {
                "type": "git",
                "url": "https://github.com/composer/semver.git",
                "reference": "3953f23262f2bff1919fc82183ad9acb13ff62c9"
            },
            "dist": {
                "type": "zip",
                "url": "https://api.github.com/repos/composer/semver/zipball/3953f23262f2bff1919fc82183ad9acb13ff62c9",
                "reference": "3953f23262f2bff1919fc82183ad9acb13ff62c9",
                "shasum": ""
            },
            "require": {
                "php": "^5.3.2 || ^7.0 || ^8.0"
            },
            "require-dev": {
                "phpstan/phpstan": "^1.4",
                "symfony/phpunit-bridge": "^4.2 || ^5"
            },
            "type": "library",
            "extra": {
                "branch-alias": {
                    "dev-main": "3.x-dev"
                }
            },
            "autoload": {
                "psr-4": {
                    "Composer\\Semver\\": "src"
                }
            },
            "notification-url": "https://packagist.org/downloads/",
            "license": [
                "MIT"
            ],
            "authors": [
                {
                    "name": "Nils Adermann",
                    "email": "naderman@naderman.de",
                    "homepage": "http://www.naderman.de"
                },
                {
                    "name": "Jordi Boggiano",
                    "email": "j.boggiano@seld.be",
                    "homepage": "http://seld.be"
                },
                {
                    "name": "Rob Bast",
                    "email": "rob.bast@gmail.com",
                    "homepage": "http://robbast.nl"
                }
            ],
            "description": "Semver library that offers utilities, version constraint parsing and validation.",
            "keywords": [
                "semantic",
                "semver",
                "validation",
                "versioning"
            ],
            "support": {
                "irc": "irc://irc.freenode.org/composer",
                "issues": "https://github.com/composer/semver/issues",
                "source": "https://github.com/composer/semver/tree/3.3.2"
            },
            "funding": [
                {
                    "url": "https://packagist.com",
                    "type": "custom"
                },
                {
                    "url": "https://github.com/composer",
                    "type": "github"
                },
                {
                    "url": "https://tidelift.com/funding/github/packagist/composer/composer",
                    "type": "tidelift"
                }
            ],
            "time": "2022-04-01T19:23:25+00:00"
        },
        {
            "name": "hamcrest/hamcrest-php",
            "version": "v2.0.1",
            "source": {
                "type": "git",
                "url": "https://github.com/hamcrest/hamcrest-php.git",
                "reference": "8c3d0a3f6af734494ad8f6fbbee0ba92422859f3"
            },
            "dist": {
                "type": "zip",
                "url": "https://api.github.com/repos/hamcrest/hamcrest-php/zipball/8c3d0a3f6af734494ad8f6fbbee0ba92422859f3",
                "reference": "8c3d0a3f6af734494ad8f6fbbee0ba92422859f3",
                "shasum": ""
            },
            "require": {
                "php": "^5.3|^7.0|^8.0"
            },
            "replace": {
                "cordoval/hamcrest-php": "*",
                "davedevelopment/hamcrest-php": "*",
                "kodova/hamcrest-php": "*"
            },
            "require-dev": {
                "phpunit/php-file-iterator": "^1.4 || ^2.0",
                "phpunit/phpunit": "^4.8.36 || ^5.7 || ^6.5 || ^7.0"
            },
            "type": "library",
            "extra": {
                "branch-alias": {
                    "dev-master": "2.1-dev"
                }
            },
            "autoload": {
                "classmap": [
                    "hamcrest"
                ]
            },
            "notification-url": "https://packagist.org/downloads/",
            "license": [
                "BSD-3-Clause"
            ],
            "description": "This is the PHP port of Hamcrest Matchers",
            "keywords": [
                "test"
            ],
            "support": {
                "issues": "https://github.com/hamcrest/hamcrest-php/issues",
                "source": "https://github.com/hamcrest/hamcrest-php/tree/v2.0.1"
            },
            "time": "2020-07-09T08:09:16+00:00"
        },
        {
            "name": "mockery/mockery",
            "version": "1.5.1",
            "source": {
                "type": "git",
                "url": "https://github.com/mockery/mockery.git",
                "reference": "e92dcc83d5a51851baf5f5591d32cb2b16e3684e"
            },
            "dist": {
                "type": "zip",
                "url": "https://api.github.com/repos/mockery/mockery/zipball/e92dcc83d5a51851baf5f5591d32cb2b16e3684e",
                "reference": "e92dcc83d5a51851baf5f5591d32cb2b16e3684e",
                "shasum": ""
            },
            "require": {
                "hamcrest/hamcrest-php": "^2.0.1",
                "lib-pcre": ">=7.0",
                "php": "^7.3 || ^8.0"
            },
            "conflict": {
                "phpunit/phpunit": "<8.0"
            },
            "require-dev": {
                "phpunit/phpunit": "^8.5 || ^9.3"
            },
            "type": "library",
            "extra": {
                "branch-alias": {
                    "dev-master": "1.4.x-dev"
                }
            },
            "autoload": {
                "psr-0": {
                    "Mockery": "library/"
                }
            },
            "notification-url": "https://packagist.org/downloads/",
            "license": [
                "BSD-3-Clause"
            ],
            "authors": [
                {
                    "name": "Pádraic Brady",
                    "email": "padraic.brady@gmail.com",
                    "homepage": "http://blog.astrumfutura.com"
                },
                {
                    "name": "Dave Marshall",
                    "email": "dave.marshall@atstsolutions.co.uk",
                    "homepage": "http://davedevelopment.co.uk"
                }
            ],
            "description": "Mockery is a simple yet flexible PHP mock object framework",
            "homepage": "https://github.com/mockery/mockery",
            "keywords": [
                "BDD",
                "TDD",
                "library",
                "mock",
                "mock objects",
                "mockery",
                "stub",
                "test",
                "test double",
                "testing"
            ],
            "support": {
                "issues": "https://github.com/mockery/mockery/issues",
                "source": "https://github.com/mockery/mockery/tree/1.5.1"
            },
            "time": "2022-09-07T15:32:08+00:00"
        },
        {
            "name": "myproject/phive_stuff",
            "version": "dev-with-phive-and-plugins",
            "dist": {
                "type": "path",
                "url": ".phive",
                "reference": "30f67a6534e886a3de01e5ce1d2cae5d9ff2ebae"
            },
            "replace": {
                "vimeo/psalm": "*"
            },
            "type": "library",
            "license": [
                "MIT"
            ],
            "description": "A replacement package for phars",
            "transport-options": {
                "relative": true
            }
        },
        {
            "name": "psalm/plugin-mockery",
            "version": "1.1.0",
            "source": {
                "type": "git",
                "url": "https://github.com/psalm/psalm-plugin-mockery.git",
                "reference": "876247d15f91df08240d00dac69c5135b6689283"
            },
            "dist": {
                "type": "zip",
                "url": "https://api.github.com/repos/psalm/psalm-plugin-mockery/zipball/876247d15f91df08240d00dac69c5135b6689283",
                "reference": "876247d15f91df08240d00dac69c5135b6689283",
                "shasum": ""
            },
            "require": {
                "composer/package-versions-deprecated": "^1.10",
                "composer/semver": "^1.4 || ^2.0 || ^3.0",
                "mockery/mockery": "^1.0",
                "php": "~7.4 || ~8.0 || ~8.1 || ~8.2",
                "vimeo/psalm": "dev-master || ^5.0@rc || ^5.0"
            },
            "require-dev": {
                "codeception/codeception": "^4.1.9",
                "phpunit/phpunit": "^9.0",
                "squizlabs/php_codesniffer": "^3.3.1",
                "weirdan/codeception-psalm-module": "^0.13.1"
            },
            "type": "psalm-plugin",
            "extra": {
                "psalm": {
                    "pluginClass": "Psalm\\MockeryPlugin\\Plugin"
                }
            },
            "autoload": {
                "psr-4": {
                    "Psalm\\MockeryPlugin\\": [
                        "."
                    ]
                }
            },
            "notification-url": "https://packagist.org/downloads/",
            "license": [
                "MIT"
            ],
            "authors": [
                {
                    "name": "Matt Brown",
                    "email": "github@muglug.com"
                }
            ],
            "description": "Psalm plugin for Mockery",
            "support": {
                "issues": "https://github.com/psalm/psalm-plugin-mockery/issues",
                "source": "https://github.com/psalm/psalm-plugin-mockery/tree/1.1.0"
            },
            "time": "2022-11-25T07:16:18+00:00"
        },
        {
            "name": "psalm/plugin-phpunit",
            "version": "0.18.4",
            "source": {
                "type": "git",
                "url": "https://github.com/psalm/psalm-plugin-phpunit.git",
                "reference": "e4ab3096653d9eb6f6d0ea5f4461898d59ae4dbc"
            },
            "dist": {
                "type": "zip",
                "url": "https://api.github.com/repos/psalm/psalm-plugin-phpunit/zipball/e4ab3096653d9eb6f6d0ea5f4461898d59ae4dbc",
                "reference": "e4ab3096653d9eb6f6d0ea5f4461898d59ae4dbc",
                "shasum": ""
            },
            "require": {
                "composer/package-versions-deprecated": "^1.10",
                "composer/semver": "^1.4 || ^2.0 || ^3.0",
                "ext-simplexml": "*",
                "php": "^7.1 || ^8.0",
                "vimeo/psalm": "dev-master || dev-4.x || ^4.7.1 || ^5@beta || ^5.0"
            },
            "conflict": {
                "phpunit/phpunit": "<7.5"
            },
            "require-dev": {
                "codeception/codeception": "^4.0.3",
                "php": "^7.3 || ^8.0",
                "phpunit/phpunit": "^7.5 || ^8.0 || ^9.0",
                "squizlabs/php_codesniffer": "^3.3.1",
                "weirdan/codeception-psalm-module": "^0.11.0",
                "weirdan/prophecy-shim": "^1.0 || ^2.0"
            },
            "type": "psalm-plugin",
            "extra": {
                "psalm": {
                    "pluginClass": "Psalm\\PhpUnitPlugin\\Plugin"
                }
            },
            "autoload": {
                "psr-4": {
                    "Psalm\\PhpUnitPlugin\\": "src"
                }
            },
            "notification-url": "https://packagist.org/downloads/",
            "license": [
                "MIT"
            ],
            "authors": [
                {
                    "name": "Matt Brown",
                    "email": "github@muglug.com"
                }
            ],
            "description": "Psalm plugin for PHPUnit",
            "support": {
                "issues": "https://github.com/psalm/psalm-plugin-phpunit/issues",
                "source": "https://github.com/psalm/psalm-plugin-phpunit/tree/0.18.4"
            },
            "time": "2022-12-03T07:47:07+00:00"
        }
    ],
    "aliases": [],
    "minimum-stability": "dev",
    "stability-flags": {
        "myproject/phive_stuff": 20
    },
    "prefer-stable": true,
    "prefer-lowest": false,
    "platform": [],
    "platform-dev": [],
    "plugin-api-version": "2.3.0"
}
